
Microsoft Visual Studio Solution File, Format Version 12.00
# Visual Studio Version 16
VisualStudioVersion = 16.0.31605.320
MinimumVisualStudioVersion = 10.0.40219.1
Project("{9A19103F-16F7-4668-BE54-9A1E7A4F7556}") = "Fiap.Aula02.Web.Exemplo01", "Fiap.Aula02.Web.Exemplo01\Fiap.Aula02.Web.Exemplo01.csproj", "{E9F268FB-FEA1-4765-991E-CFDCCDE5C3D8}"
EndProject
Project("{2150E333-8FDC-42A3-9474-1A3956D46DE8}") = "Solution Items", "Solution Items", "{2B4CF8BD-517F-4860-9168-63670793E42A}"
	ProjectSection(SolutionItems) = preProject
		.editorconfig = .editorconfig
	EndProjectSection
EndProject
Project("{9A19103F-16F7-4668-BE54-9A1E7A4F7556}") = "ExemploForm", "ExemploForm\ExemploForm.csproj", "{83212AAC-7C93-4449-8908-14CED1FAA77A}"
EndProject
Project("{9A19103F-16F7-4668-BE54-9A1E7A4F7556}") = "Fiap.Aula02.Web.Exercicio", "Fiap.Aula02.Web.Exercicio\Fiap.Aula02.Web.Exercicio.csproj", "{D9F76C9D-286C-4F7F-B816-3A080DE349FE}"
EndProject
Project("{FAE04EC0-301F-11D3-BF4B-00C04F79EFBC}") = "Fiap.Persistencia", "Fiap.Persistencia\Fiap.Persistencia.csproj", "{E94F7CA4-FD12-442D-8AFB-F0554966B584}"
EndProject
Global
	GlobalSection(SolutionConfigurationPlatforms) = preSolution
		Debug|Any CPU = Debug|Any CPU
		Release|Any CPU = Release|Any CPU
	EndGlobalSection
	GlobalSection(ProjectConfigurationPlatforms) = postSolution
		{E9F268FB-FEA1-4765-991E-CFDCCDE5C3D8}.Debug|Any CPU.ActiveCfg = Debug|Any CPU
		{E9F268FB-FEA1-4765-991E-CFDCCDE5C3D8}.Debug|Any CPU.Build.0 = Debug|Any CPU
		{E9F268FB-FEA1-4765-991E-CFDCCDE5C3D8}.Release|Any CPU.ActiveCfg = Release|Any CPU
		{E9F268FB-FEA1-4765-991E-CFDCCDE5C3D8}.Release|Any CPU.Build.0 = Release|Any CPU
		{83212AAC-7C93-4449-8908-14CED1FAA77A}.Debug|Any CPU.ActiveCfg = Debug|Any CPU
		{83212AAC-7C93-4449-8908-14CED1FAA77A}.Debug|Any CPU.Build.0 = Debug|Any CPU
		{83212AAC-7C93-4449-8908-14CED1FAA77A}.Release|Any CPU.ActiveCfg = Release|Any CPU
		{83212AAC-7C93-4449-8908-14CED1FAA77A}.Release|Any CPU.Build.0 = Release|Any CPU
		{D9F76C9D-286C-4F7F-B816-3A080DE349FE}.Debug|Any CPU.ActiveCfg = Debug|Any CPU
		{D9F76C9D-286C-4F7F-B816-3A080DE349FE}.Debug|Any CPU.Build.0 = Debug|Any CPU
		{D9F76C9D-286C-4F7F-B816-3A080DE349FE}.Release|Any CPU.ActiveCfg = Release|Any CPU
		{D9F76C9D-286C-4F7F-B816-3A080DE349FE}.Release|Any CPU.Build.0 = Release|Any CPU
		{E94F7CA4-FD12-442D-8AFB-F0554966B584}.Debug|Any CPU.ActiveCfg = Debug|Any CPU
		{E94F7CA4-FD12-442D-8AFB-F0554966B584}.Debug|Any CPU.Build.0 = Debug|Any CPU
		{E94F7CA4-FD12-442D-8AFB-F0554966B584}.Release|Any CPU.ActiveCfg = Release|Any CPU
		{E94F7CA4-FD12-442D-8AFB-F0554966B584}.Release|Any CPU.Build.0 = Release|Any CPU
	EndGlobalSection
	GlobalSection(SolutionProperties) = preSolution
		HideSolutionNode = FALSE
	EndGlobalSection
	GlobalSection(ExtensibilityGlobals) = postSolution
		SolutionGuid = {7D9A183C-D389-44ED-9BF3-19B00A0099C8}
	EndGlobalSection
EndGlobal
